schema: '2.0'
stages:
  data_ingestion:
    cmd: python src/data_ingestion.py
    deps:
    - path: src/data_ingestion.py
      hash: md5
      md5: 6438f0950c5bcb445432f5cf724e41bb
      size: 3708
    outs:
    - path: data/raw
      hash: md5
      md5: 1a287d34dc172d9f950c03dae35f7e73.dir
      size: 484846
      nfiles: 2
  data_preprocessing:
    cmd: python src/data_preprocessing.py
    deps:
    - path: data/raw
      hash: md5
      md5: 1a287d34dc172d9f950c03dae35f7e73.dir
      size: 484846
      nfiles: 2
    - path: src/data_preprocessing.py
      hash: md5
      md5: 85d2ffef311a7a9bef830a31737107e5
      size: 4209
    outs:
    - path: data/interim
      hash: md5
      md5: 6e20a31fdaca410ec7afcaeba154b80f.dir
      size: 275267
      nfiles: 2
  feature_engineering:
    cmd: python src/feature_engineering.py
    deps:
    - path: data/interim
      hash: md5
      md5: 6e20a31fdaca410ec7afcaeba154b80f.dir
      size: 275267
      nfiles: 2
    - path: src/feature_engineering.py
      hash: md5
      md5: 26ed01bdcaf9053430a7dd1e748ecb46
      size: 3946
    outs:
    - path: data/processed
      hash: md5
      md5: bf97edac38afad10321efa0fc43122b8.dir
      size: 1182143
      nfiles: 2
  model_building:
    cmd: python src/model_building.py
    deps:
    - path: data/processed
      hash: md5
      md5: bf97edac38afad10321efa0fc43122b8.dir
      size: 1182143
      nfiles: 2
    - path: src/model_building.py
      hash: md5
      md5: f954adc673bd19a25ce5c1b4f8629ea6
      size: 4514
    outs:
    - path: models/model.pkl
      hash: md5
      md5: 0ec0cc927b69ef3e706bcdaf9ee78ce3
      size: 988215
  model_evaluation:
    cmd: python src/model_evaluation.py
    deps:
    - path: models/model.pkl
      hash: md5
      md5: 0ec0cc927b69ef3e706bcdaf9ee78ce3
      size: 988215
    - path: src/model_evaluation.py
      hash: md5
      md5: 01bafa1258f8accfa9489cf35db37b6a
      size: 4684
    outs:
    - path: reports/metrics.json
      hash: md5
      md5: 1a89c252271b5198ebaf127e6bb69b4f
      size: 145
